
Microsoft Visual Studio Solution File, Format Version 12.00
# Visual Studio Version 17
VisualStudioVersion = 17.8.34330.188
MinimumVisualStudioVersion = 10.0.40219.1
Project("{FAE04EC0-301F-11D3-BF4B-00C04F79EFBC}") = "WpfAppLoginTest", "WpfAppLoginTest.csproj", "{C350BE8B-1D18-4FA2-9478-F8D36235401A}"
EndProject
Global
	GlobalSection(SolutionConfigurationPlatforms) = preSolution
		Debug|Any CPU = Debug|Any CPU
		Release|Any CPU = Release|Any CPU
	EndGlobalSection
	GlobalSection(ProjectConfigurationPlatforms) = postSolution
		{C350BE8B-1D18-4FA2-9478-F8D36235401A}.Debug|Any CPU.ActiveCfg = Debug|Any CPU
		{C350BE8B-1D18-4FA2-9478-F8D36235401A}.Debug|Any CPU.Build.0 = Debug|Any CPU
		{C350BE8B-1D18-4FA2-9478-F8D36235401A}.Release|Any CPU.ActiveCfg = Release|Any CPU
		{C350BE8B-1D18-4FA2-9478-F8D36235401A}.Release|Any CPU.Build.0 = Release|Any CPU
	EndGlobalSection
	GlobalSection(SolutionProperties) = preSolution
		HideSolutionNode = FALSE
	EndGlobalSection
	GlobalSection(ExtensibilityGlobals) = postSolution
		SolutionGuid = {D7DB0828-9F45-46AC-850A-1B05F59E18F0}
	EndGlobalSection
EndGlobal
