
Microsoft Visual Studio Solution File, Format Version 12.00
# Visual Studio Version 17
VisualStudioVersion = 17.8.34330.188
MinimumVisualStudioVersion = 10.0.40219.1
Project("{FAE04EC0-301F-11D3-BF4B-00C04F79EFBC}") = "WpfAppBINDING_TEST", "WpfAppBINDING_TEST.csproj", "{A5C642B6-0543-4426-ABE6-B434C79839BA}"
EndProject
Global
	GlobalSection(SolutionConfigurationPlatforms) = preSolution
		Debug|Any CPU = Debug|Any CPU
		Release|Any CPU = Release|Any CPU
	EndGlobalSection
	GlobalSection(ProjectConfigurationPlatforms) = postSolution
		{A5C642B6-0543-4426-ABE6-B434C79839BA}.Debug|Any CPU.ActiveCfg = Debug|Any CPU
		{A5C642B6-0543-4426-ABE6-B434C79839BA}.Debug|Any CPU.Build.0 = Debug|Any CPU
		{A5C642B6-0543-4426-ABE6-B434C79839BA}.Release|Any CPU.ActiveCfg = Release|Any CPU
		{A5C642B6-0543-4426-ABE6-B434C79839BA}.Release|Any CPU.Build.0 = Release|Any CPU
	EndGlobalSection
	GlobalSection(SolutionProperties) = preSolution
		HideSolutionNode = FALSE
	EndGlobalSection
	GlobalSection(ExtensibilityGlobals) = postSolution
		SolutionGuid = {92F88F23-2378-469E-96CD-2D13C548BE65}
	EndGlobalSection
EndGlobal
