
Microsoft Visual Studio Solution File, Format Version 12.00
# Visual Studio Version 17
VisualStudioVersion = 17.7.34031.279
MinimumVisualStudioVersion = 10.0.40219.1
Project("{9A19103F-16F7-4668-BE54-9A1E7A4F7556}") = "PROYECTO_1EVA_RJT", "PROYECTO_1EVA_RJT.csproj", "{1DE5302C-B673-42A2-A004-AE14998A8DE0}"
EndProject
Global
	GlobalSection(SolutionConfigurationPlatforms) = preSolution
		Debug|Any CPU = Debug|Any CPU
		Release|Any CPU = Release|Any CPU
	EndGlobalSection
	GlobalSection(ProjectConfigurationPlatforms) = postSolution
		{1DE5302C-B673-42A2-A004-AE14998A8DE0}.Debug|Any CPU.ActiveCfg = Release|Any CPU
		{1DE5302C-B673-42A2-A004-AE14998A8DE0}.Debug|Any CPU.Build.0 = Release|Any CPU
		{1DE5302C-B673-42A2-A004-AE14998A8DE0}.Release|Any CPU.ActiveCfg = Release|Any CPU
		{1DE5302C-B673-42A2-A004-AE14998A8DE0}.Release|Any CPU.Build.0 = Release|Any CPU
	EndGlobalSection
	GlobalSection(SolutionProperties) = preSolution
		HideSolutionNode = FALSE
	EndGlobalSection
	GlobalSection(ExtensibilityGlobals) = postSolution
		SolutionGuid = {8B3735D5-06A3-463B-906F-3E7ED02AE42A}
	EndGlobalSection
EndGlobal
